{
  "name": "day-tokeniza-smart-contract",
  "version": "1.0.0",
  "lockfileVersion": 3,
  "requires": true,
  "packages": {
    "": {
      "name": "day-tokeniza-smart-contract",
      "version": "1.0.0",
      "license": "ISC",
      "devDependencies": {
        "dotenv": "^17.2.3"
      }
    },
    "node_modules/dotenv": {
      "version": "17.2.3",
      "dev": true,
      "license": "BSD-2-Clause",
      "engines": {
        "node": ">=12"
      },
      "funding": {
        "url": "https://dotenvx.com"
      }
    }
  }
}
